
Microsoft Visual Studio Solution File, Format Version 12.00
# Visual Studio Version 17
VisualStudioVersion = 17.10.35013.160
MinimumVisualStudioVersion = 10.0.40219.1
Project("{9A19103F-16F7-4668-BE54-9A1E7A4F7556}") = "API_Vinted", "API_Vinted\API_Vinted.csproj", "{E65AEAC6-672F-4AFA-BC49-4A59F75C0C1B}"
EndProject
Project("{FAE04EC0-301F-11D3-BF4B-00C04F79EFBC}") = "API_VintedTests", "API_VintedTests\API_VintedTests.csproj", "{FC800A16-FB5A-4071-A1FD-CB79F225AEF0}"
EndProject
Global
	GlobalSection(SolutionConfigurationPlatforms) = preSolution
		Debug|Any CPU = Debug|Any CPU
		Release|Any CPU = Release|Any CPU
	EndGlobalSection
	GlobalSection(ProjectConfigurationPlatforms) = postSolution
		{E65AEAC6-672F-4AFA-BC49-4A59F75C0C1B}.Debug|Any CPU.ActiveCfg = Debug|Any CPU
		{E65AEAC6-672F-4AFA-BC49-4A59F75C0C1B}.Debug|Any CPU.Build.0 = Debug|Any CPU
		{E65AEAC6-672F-4AFA-BC49-4A59F75C0C1B}.Release|Any CPU.ActiveCfg = Release|Any CPU
		{E65AEAC6-672F-4AFA-BC49-4A59F75C0C1B}.Release|Any CPU.Build.0 = Release|Any CPU
		{FC800A16-FB5A-4071-A1FD-CB79F225AEF0}.Debug|Any CPU.ActiveCfg = Debug|Any CPU
		{FC800A16-FB5A-4071-A1FD-CB79F225AEF0}.Debug|Any CPU.Build.0 = Debug|Any CPU
		{FC800A16-FB5A-4071-A1FD-CB79F225AEF0}.Release|Any CPU.ActiveCfg = Release|Any CPU
		{FC800A16-FB5A-4071-A1FD-CB79F225AEF0}.Release|Any CPU.Build.0 = Release|Any CPU
	EndGlobalSection
	GlobalSection(SolutionProperties) = preSolution
		HideSolutionNode = FALSE
	EndGlobalSection
	GlobalSection(ExtensibilityGlobals) = postSolution
		SolutionGuid = {602241FE-2B19-4FC7-ACB0-932315E7B3A3}
	EndGlobalSection
EndGlobal
